
Microsoft Visual Studio Solution File, Format Version 12.00
# Visual Studio Version 17
VisualStudioVersion = 17.5.33627.172
MinimumVisualStudioVersion = 10.0.40219.1
Project("{FAE04EC0-301F-11D3-BF4B-00C04F79EFBC}") = "AS3", "AS3\AS3.csproj", "{6FBEF002-E18B-414F-B444-77573B909DC4}"
EndProject
Global
	GlobalSection(SolutionConfigurationPlatforms) = preSolution
		Debug|Any CPU = Debug|Any CPU
		Release|Any CPU = Release|Any CPU
	EndGlobalSection
	GlobalSection(ProjectConfigurationPlatforms) = postSolution
		{6FBEF002-E18B-414F-B444-77573B909DC4}.Debug|Any CPU.ActiveCfg = Debug|Any CPU
		{6FBEF002-E18B-414F-B444-77573B909DC4}.Debug|Any CPU.Build.0 = Debug|Any CPU
		{6FBEF002-E18B-414F-B444-77573B909DC4}.Release|Any CPU.ActiveCfg = Release|Any CPU
		{6FBEF002-E18B-414F-B444-77573B909DC4}.Release|Any CPU.Build.0 = Release|Any CPU
	EndGlobalSection
	GlobalSection(SolutionProperties) = preSolution
		HideSolutionNode = FALSE
	EndGlobalSection
	GlobalSection(ExtensibilityGlobals) = postSolution
		SolutionGuid = {AB880B9A-BDD2-4995-ACD7-27CB91828279}
	EndGlobalSection
EndGlobal
